# THIS IS AN AUTOGENERATED FILE. DO NOT EDIT THIS FILE DIRECTLY.
# yarn lockfile v1


"@types/node@13.7.4":
  version "13.7.4"
  resolved "https://registry.yarnpkg.com/@types/node/-/node-13.7.4.tgz#76c3cb3a12909510f52e5dc04a6298cdf9504ffd"
  integrity sha512-oVeL12C6gQS/GAExndigSaLxTrKpQPxewx9bOcwfvJiJge4rr7wNaph4J+ns5hrmIV2as5qxqN8YKthn9qh0jw==

bindings@1.2.x:
  version "1.2.1"
  resolved "https://registry.yarnpkg.com/bindings/-/bindings-1.2.1.tgz#14ad6113812d2d37d72e67b4cacb4bb726505f11"
  integrity sha1-FK1hE4EtLTfXLme0ystLtyZQXxE=

bufferutil@1.1.x:
  version "1.1.0"
  resolved "https://registry.yarnpkg.com/bufferutil/-/bufferutil-1.1.0.tgz#3f96be77a7f8652ff69ef29f1cabc8b89f7fd972"
  integrity sha1-P5a+d6f4ZS/2nvKfHKvIuJ9/2XI=
  dependencies:
    bindings "1.2.x"
    nan "1.8.x"

endpoint@0.4.x:
  version "0.4.5"
  resolved "https://registry.yarnpkg.com/endpoint/-/endpoint-0.4.5.tgz#8a32db66ad94c3161d279ed1ab4ffb6c4101b79a"
  integrity sha1-ijLbZq2UwxYdJ57Rq0/7bEEBt5o=
  dependencies:
    inherits "^2.0.1"

inherits@^2.0.1:
  version "2.0.4"
  resolved "https://registry.yarnpkg.com/inherits/-/inherits-2.0.4.tgz#0fa2c64f932917c3433a0ded55363aae37416b7c"
  integrity sha512-k/vGaX4/Yla3WzyMCvTQOXYeIHvqOKtnqBduzTHpzpQZzAskKMhZ2K+EnBiSM9zGSoIFeMpXKxa4dYeZIQqewQ==

inspector@0.5.0:
  version "0.5.0"
  resolved "https://registry.yarnpkg.com/inspector/-/inspector-0.5.0.tgz#a26465dcb58858352cf42977e691efacea88f501"
  integrity sha1-omRl3LWIWDUs9Cl35pHvrOqI9QE=
  dependencies:
    endpoint "0.4.x"
    ws "0.7.x"

nan@1.8.x:
  version "1.8.4"
  resolved "https://registry.yarnpkg.com/nan/-/nan-1.8.4.tgz#3c76b5382eab33e44b758d2813ca9d92e9342f34"
  integrity sha1-PHa1OC6rM+RLdY0oE8qdkuk0LzQ=

options@>=0.0.5:
  version "0.0.6"
  resolved "https://registry.yarnpkg.com/options/-/options-0.0.6.tgz#ec22d312806bb53e731773e7cdaefcf1c643128f"
  integrity sha1-7CLTEoBrtT5zF3Pnza788cZDEo8=

requestidlecallback@0.3.0:
  version "0.3.0"
  resolved "https://registry.yarnpkg.com/requestidlecallback/-/requestidlecallback-0.3.0.tgz#6fb74e0733f90df3faa4838f9f6a2a5f9b742ac5"
  integrity sha1-b7dOBzP5DfP6pIOPn2oqX5t0KsU=

throttles@1.0.0:
  version "1.0.0"
  resolved "https://registry.yarnpkg.com/throttles/-/throttles-1.0.0.tgz#829debdc2059c5c7ce60f3db5aaf479e86cc7636"
  integrity sha512-sLEyK3MZQLhU5jbxwK9n7i7VePlhP9b6sDF+tzNDGEVjFk+hcF0jGL1ErknMJF63v2cE+eTenPDnfuk/8BjFdw==

ultron@1.0.x:
  version "1.0.2"
  resolved "https://registry.yarnpkg.com/ultron/-/ultron-1.0.2.tgz#ace116ab557cd197386a4e88f4685378c8b2e4fa"
  integrity sha1-rOEWq1V80Zc4ak6I9GhTeMiy5Po=

utf-8-validate@1.1.x:
  version "1.1.0"
  resolved "https://registry.yarnpkg.com/utf-8-validate/-/utf-8-validate-1.1.0.tgz#521a6bb2189d0b307ddc5b79c3c95a5fd8085db4"
  integrity sha1-UhprshidCzB93Ft5w8laX9gIXbQ=
  dependencies:
    bindings "1.2.x"
    nan "1.8.x"

ws@0.7.x:
  version "0.7.2"
  resolved "https://registry.yarnpkg.com/ws/-/ws-0.7.2.tgz#438c560bdfa2b7da3dd5b6b46ed61325c24699d8"
  integrity sha1-Q4xWC9+it9o91ba0btYTJcJGmdg=
  dependencies:
    options ">=0.0.5"
    ultron "1.0.x"
  optionalDependencies:
    bufferutil "1.1.x"
    utf-8-validate "1.1.x"
