# THIS IS AN AUTOGENERATED FILE. DO NOT EDIT THIS FILE DIRECTLY.
# yarn lockfile v1


"@types/node@13.7.4":
  version "13.7.4"
  resolved "https://registry.yarnpkg.com/@types/node/-/node-13.7.4.tgz#76c3cb3a12909510f52e5dc04a6298cdf9504ffd"
  integrity sha512-oVeL12C6gQS/GAExndigSaLxTrKpQPxewx9bOcwfvJiJge4rr7wNaph4J+ns5hrmIV2as5qxqN8YKthn9qh0jw==

requestidlecallback@0.3.0:
  version "0.3.0"
  resolved "https://registry.yarnpkg.com/requestidlecallback/-/requestidlecallback-0.3.0.tgz#6fb74e0733f90df3faa4838f9f6a2a5f9b742ac5"
  integrity sha1-b7dOBzP5DfP6pIOPn2oqX5t0KsU=

throttles@1.0.0:
  version "1.0.0"
  resolved "https://registry.yarnpkg.com/throttles/-/throttles-1.0.0.tgz#829debdc2059c5c7ce60f3db5aaf479e86cc7636"
  integrity sha512-sLEyK3MZQLhU5jbxwK9n7i7VePlhP9b6sDF+tzNDGEVjFk+hcF0jGL1ErknMJF63v2cE+eTenPDnfuk/8BjFdw==
